
Microsoft Visual Studio Solution File, Format Version 12.00
# Visual Studio Version 17
VisualStudioVersion = 17.8.34511.84
MinimumVisualStudioVersion = 10.0.40219.1
Project("{6EC3EE1D-3C4E-46DD-8F32-0CC8E7565705}") = "EventStream.Specification", "EventStream\EventStream.Specification.fsproj", "{F3E6D7E0-9385-4E83-8262-F41381E1EF2B}"
EndProject
Project("{6EC3EE1D-3C4E-46DD-8F32-0CC8E7565705}") = "EventStream.DataGateway", "EventStream.DataGateway\EventStream.DataGateway.fsproj", "{AC8A3F15-AAD6-41CA-8632-D9AA1111CD74}"
EndProject
Project("{F2A71F9B-5D33-465A-A702-920D77279786}") = "EventStream.Tests", "Tests\EventStream.Tests.fsproj", "{EEE2E6AF-9282-4661-9A26-C2EED1CA9C64}"
EndProject
Project("{F2A71F9B-5D33-465A-A702-920D77279786}") = "EventStream.TestAPI", "EventStream.TestAPI\EventStream.TestAPI.fsproj", "{4CEBDA9C-7568-440B-BC91-23C5A3CB5726}"
EndProject
Project("{2150E333-8FDC-42A3-9474-1A3956D46DE8}") = "Tests", "Tests", "{3F2D4255-B671-4490-9679-41513912C492}"
EndProject
Global
	GlobalSection(SolutionConfigurationPlatforms) = preSolution
		Debug|Any CPU = Debug|Any CPU
		Release|Any CPU = Release|Any CPU
	EndGlobalSection
	GlobalSection(ProjectConfigurationPlatforms) = postSolution
		{F3E6D7E0-9385-4E83-8262-F41381E1EF2B}.Debug|Any CPU.ActiveCfg = Debug|Any CPU
		{F3E6D7E0-9385-4E83-8262-F41381E1EF2B}.Debug|Any CPU.Build.0 = Debug|Any CPU
		{F3E6D7E0-9385-4E83-8262-F41381E1EF2B}.Release|Any CPU.ActiveCfg = Release|Any CPU
		{F3E6D7E0-9385-4E83-8262-F41381E1EF2B}.Release|Any CPU.Build.0 = Release|Any CPU
		{AC8A3F15-AAD6-41CA-8632-D9AA1111CD74}.Debug|Any CPU.ActiveCfg = Debug|Any CPU
		{AC8A3F15-AAD6-41CA-8632-D9AA1111CD74}.Debug|Any CPU.Build.0 = Debug|Any CPU
		{AC8A3F15-AAD6-41CA-8632-D9AA1111CD74}.Release|Any CPU.ActiveCfg = Release|Any CPU
		{AC8A3F15-AAD6-41CA-8632-D9AA1111CD74}.Release|Any CPU.Build.0 = Release|Any CPU
		{EEE2E6AF-9282-4661-9A26-C2EED1CA9C64}.Debug|Any CPU.ActiveCfg = Debug|Any CPU
		{EEE2E6AF-9282-4661-9A26-C2EED1CA9C64}.Debug|Any CPU.Build.0 = Debug|Any CPU
		{EEE2E6AF-9282-4661-9A26-C2EED1CA9C64}.Release|Any CPU.ActiveCfg = Release|Any CPU
		{EEE2E6AF-9282-4661-9A26-C2EED1CA9C64}.Release|Any CPU.Build.0 = Release|Any CPU
		{4CEBDA9C-7568-440B-BC91-23C5A3CB5726}.Debug|Any CPU.ActiveCfg = Debug|Any CPU
		{4CEBDA9C-7568-440B-BC91-23C5A3CB5726}.Debug|Any CPU.Build.0 = Debug|Any CPU
		{4CEBDA9C-7568-440B-BC91-23C5A3CB5726}.Release|Any CPU.ActiveCfg = Release|Any CPU
		{4CEBDA9C-7568-440B-BC91-23C5A3CB5726}.Release|Any CPU.Build.0 = Release|Any CPU
	EndGlobalSection
	GlobalSection(SolutionProperties) = preSolution
		HideSolutionNode = FALSE
	EndGlobalSection
	GlobalSection(NestedProjects) = preSolution
		{EEE2E6AF-9282-4661-9A26-C2EED1CA9C64} = {3F2D4255-B671-4490-9679-41513912C492}
		{4CEBDA9C-7568-440B-BC91-23C5A3CB5726} = {3F2D4255-B671-4490-9679-41513912C492}
	EndGlobalSection
	GlobalSection(ExtensibilityGlobals) = postSolution
		SolutionGuid = {BC579C6E-8DCC-4E8F-8DC7-5D7EA96E8BC2}
	EndGlobalSection
EndGlobal
